
Microsoft Visual Studio Solution File, Format Version 12.00
# Visual Studio Version 17
VisualStudioVersion = 17.0.31919.166
MinimumVisualStudioVersion = 10.0.40219.1
Project("{FAE04EC0-301F-11D3-BF4B-00C04F79EFBC}") = "YandexDzen", "YandexDzen\YandexDzen.csproj", "{A9365077-444A-4CEA-92D5-9178C955B762}"
EndProject
Project("{2150E333-8FDC-42A3-9474-1A3956D46DE8}") = "Solution Items", "Solution Items", "{980E4C34-12FB-4DFC-838A-03CA08536454}"
	ProjectSection(SolutionItems) = preProject
		Startup.cs = Startup.cs
	EndProjectSection
EndProject
Global
	GlobalSection(SolutionConfigurationPlatforms) = preSolution
		Debug|Any CPU = Debug|Any CPU
		Release|Any CPU = Release|Any CPU
	EndGlobalSection
	GlobalSection(ProjectConfigurationPlatforms) = postSolution
		{A9365077-444A-4CEA-92D5-9178C955B762}.Debug|Any CPU.ActiveCfg = Debug|Any CPU
		{A9365077-444A-4CEA-92D5-9178C955B762}.Debug|Any CPU.Build.0 = Debug|Any CPU
		{A9365077-444A-4CEA-92D5-9178C955B762}.Release|Any CPU.ActiveCfg = Release|Any CPU
		{A9365077-444A-4CEA-92D5-9178C955B762}.Release|Any CPU.Build.0 = Release|Any CPU
	EndGlobalSection
	GlobalSection(SolutionProperties) = preSolution
		HideSolutionNode = FALSE
	EndGlobalSection
	GlobalSection(ExtensibilityGlobals) = postSolution
		SolutionGuid = {06D1BA58-A3A5-449F-9112-D843EEFF32DE}
	EndGlobalSection
EndGlobal
